
Microsoft Visual Studio Solution File, Format Version 12.00
# Visual Studio Version 16
VisualStudioVersion = 16.0.32106.194
MinimumVisualStudioVersion = 10.0.40219.1
Project("{FAE04EC0-301F-11D3-BF4B-00C04F79EFBC}") = "WpfNaverMovieFinder", "WpfNaverMovieFinder\WpfNaverMovieFinder.csproj", "{AC7E04E5-D1D4-4176-959B-621EF8286A48}"
EndProject
Project("{FAE04EC0-301F-11D3-BF4B-00C04F79EFBC}") = "WpfNaverNewsSearch", "WpfNaverNewsSearch\WpfNaverNewsSearch.csproj", "{A2DDEF29-DCA2-400A-9675-AAAE9188C3A2}"
EndProject
Project("{2150E333-8FDC-42A3-9474-1A3956D46DE8}") = "SmartHome", "SmartHome", "{62449C84-09D2-4030-B922-2679F0316F4C}"
EndProject
Project("{FAE04EC0-301F-11D3-BF4B-00C04F79EFBC}") = "DummyDataApp", "DummyDataApp\DummyDataApp.csproj", "{CE30199A-45F4-43F6-9635-3E06DB3C30F9}"
EndProject
Global
	GlobalSection(SolutionConfigurationPlatforms) = preSolution
		Debug|Any CPU = Debug|Any CPU
		Release|Any CPU = Release|Any CPU
	EndGlobalSection
	GlobalSection(ProjectConfigurationPlatforms) = postSolution
		{AC7E04E5-D1D4-4176-959B-621EF8286A48}.Debug|Any CPU.ActiveCfg = Debug|Any CPU
		{AC7E04E5-D1D4-4176-959B-621EF8286A48}.Debug|Any CPU.Build.0 = Debug|Any CPU
		{AC7E04E5-D1D4-4176-959B-621EF8286A48}.Release|Any CPU.ActiveCfg = Release|Any CPU
		{AC7E04E5-D1D4-4176-959B-621EF8286A48}.Release|Any CPU.Build.0 = Release|Any CPU
		{A2DDEF29-DCA2-400A-9675-AAAE9188C3A2}.Debug|Any CPU.ActiveCfg = Debug|Any CPU
		{A2DDEF29-DCA2-400A-9675-AAAE9188C3A2}.Debug|Any CPU.Build.0 = Debug|Any CPU
		{A2DDEF29-DCA2-400A-9675-AAAE9188C3A2}.Release|Any CPU.ActiveCfg = Release|Any CPU
		{A2DDEF29-DCA2-400A-9675-AAAE9188C3A2}.Release|Any CPU.Build.0 = Release|Any CPU
		{CE30199A-45F4-43F6-9635-3E06DB3C30F9}.Debug|Any CPU.ActiveCfg = Debug|Any CPU
		{CE30199A-45F4-43F6-9635-3E06DB3C30F9}.Debug|Any CPU.Build.0 = Debug|Any CPU
		{CE30199A-45F4-43F6-9635-3E06DB3C30F9}.Release|Any CPU.ActiveCfg = Release|Any CPU
		{CE30199A-45F4-43F6-9635-3E06DB3C30F9}.Release|Any CPU.Build.0 = Release|Any CPU
	EndGlobalSection
	GlobalSection(SolutionProperties) = preSolution
		HideSolutionNode = FALSE
	EndGlobalSection
	GlobalSection(NestedProjects) = preSolution
		{CE30199A-45F4-43F6-9635-3E06DB3C30F9} = {62449C84-09D2-4030-B922-2679F0316F4C}
	EndGlobalSection
	GlobalSection(ExtensibilityGlobals) = postSolution
		SolutionGuid = {E9FC4FCA-CAE4-4391-A734-361663CE9705}
	EndGlobalSection
EndGlobal
