
Microsoft Visual Studio Solution File, Format Version 12.00
# Visual Studio Version 16
VisualStudioVersion = 16.0.32106.194
MinimumVisualStudioVersion = 10.0.40219.1
Project("{FAE04EC0-301F-11D3-BF4B-00C04F79EFBC}") = "DummyDataTest", "DummyDataTest.csproj", "{DDAA61DE-0A61-4D85-9E6D-521C38C8B7CE}"
EndProject
Global
	GlobalSection(SolutionConfigurationPlatforms) = preSolution
		Debug|Any CPU = Debug|Any CPU
		Release|Any CPU = Release|Any CPU
	EndGlobalSection
	GlobalSection(ProjectConfigurationPlatforms) = postSolution
		{DDAA61DE-0A61-4D85-9E6D-521C38C8B7CE}.Debug|Any CPU.ActiveCfg = Debug|Any CPU
		{DDAA61DE-0A61-4D85-9E6D-521C38C8B7CE}.Debug|Any CPU.Build.0 = Debug|Any CPU
		{DDAA61DE-0A61-4D85-9E6D-521C38C8B7CE}.Release|Any CPU.ActiveCfg = Release|Any CPU
		{DDAA61DE-0A61-4D85-9E6D-521C38C8B7CE}.Release|Any CPU.Build.0 = Release|Any CPU
	EndGlobalSection
	GlobalSection(SolutionProperties) = preSolution
		HideSolutionNode = FALSE
	EndGlobalSection
	GlobalSection(ExtensibilityGlobals) = postSolution
		SolutionGuid = {B870FE43-EC08-471F-91D0-0B3E4BB77471}
	EndGlobalSection
EndGlobal
